
Microsoft Visual Studio Solution File, Format Version 12.00
# Visual Studio Version 16
VisualStudioVersion = 16.0.30114.105
MinimumVisualStudioVersion = 10.0.40219.1
Project("{FAE04EC0-301F-11D3-BF4B-00C04F79EFBC}") = "FMM-Application", "FMM-Application\FMM-Application.csproj", "{BB34C19F-EBFD-4317-AA6A-3AF18455EDE8}"
EndProject
Global
	GlobalSection(SolutionConfigurationPlatforms) = preSolution
		Debug|Any CPU = Debug|Any CPU
		Release|Any CPU = Release|Any CPU
	EndGlobalSection
	GlobalSection(ProjectConfigurationPlatforms) = postSolution
		{BB34C19F-EBFD-4317-AA6A-3AF18455EDE8}.Debug|Any CPU.ActiveCfg = Debug|Any CPU
		{BB34C19F-EBFD-4317-AA6A-3AF18455EDE8}.Debug|Any CPU.Build.0 = Debug|Any CPU
		{BB34C19F-EBFD-4317-AA6A-3AF18455EDE8}.Release|Any CPU.ActiveCfg = Release|Any CPU
		{BB34C19F-EBFD-4317-AA6A-3AF18455EDE8}.Release|Any CPU.Build.0 = Release|Any CPU
	EndGlobalSection
	GlobalSection(SolutionProperties) = preSolution
		HideSolutionNode = FALSE
	EndGlobalSection
	GlobalSection(ExtensibilityGlobals) = postSolution
		SolutionGuid = {B3CD3DBD-A102-419C-8E24-731050C4C75E}
	EndGlobalSection
EndGlobal
